# THIS IS AN AUTOGENERATED FILE. DO NOT EDIT THIS FILE DIRECTLY.
# yarn lockfile v1


"@fiora/assets@^1.0.0":
  "resolved" "file:../assets"
  "version" "1.0.0"

"@tootallnate/once@1":
  "integrity" "sha512-RbzJvlNzmRq5c3O09UipeuXno4tA1FE6ikOjxZK0tuxVv3412l64l5t1W5pj4+rJq9vpkm/kwiR07aZXnsKPxw=="
  "resolved" "https://registry.npmjs.org/@tootallnate/once/-/once-1.1.2.tgz"
  "version" "1.1.2"

"@types/component-emitter@^1.2.10":
  "integrity" "sha512-bsjleuRKWmGqajMerkzox19aGbscQX5rmmvvXl3wlIp5gMG1HgkiwPxsN5p070fBDKTNSPgojVbuY1+HWMbFhg=="
  "resolved" "https://registry.npmjs.org/@types/component-emitter/-/component-emitter-1.2.10.tgz"
  "version" "1.2.10"

"@types/cookie@^0.4.0":
  "integrity" "sha512-XW/Aa8APYr6jSVVA1y/DEIZX0/GMKLEVekNG727R8cs56ahETkRAy/3DR7+fJyh7oUgGwNQaRfXCun0+KbWY7Q=="
  "resolved" "https://registry.npmjs.org/@types/cookie/-/cookie-0.4.1.tgz"
  "version" "0.4.1"

"@types/cors@^2.8.10":
  "integrity" "sha512-vt+kDhq/M2ayberEtJcIN/hxXy1Pk+59g2FV/ZQceeaTyCtCucjL2Q7FXlFjtWn4n15KCr1NE2lNNFhp0lEThw=="
  "resolved" "https://registry.npmjs.org/@types/cors/-/cors-2.8.12.tgz"
  "version" "2.8.12"

"@types/node@>=10.0.0":
  "integrity" "sha512-jJs9ErFLP403I+hMLGnqDRWT0RYKSvArxuBVh2veudHV7ifEC1WAmjJADacZ7mRbA2nWgHtn8xyECMAot0SkAw=="
  "resolved" "https://registry.npmjs.org/@types/node/-/node-16.3.2.tgz"
  "version" "16.3.2"

"@types/randomcolor@^0.5.6":
  "integrity" "sha512-lKkW8DGUQpZldTrwa+HM5rY+7eTyaHOMTsnj9ewt7AAwXuMPwBmkLlfh8+SXdgOhBW9iNI4x4zRjQ/TQZkdycQ=="
  "resolved" "https://registry.npmjs.org/@types/randomcolor/-/randomcolor-0.5.6.tgz"
  "version" "0.5.6"

"accepts@~1.3.4":
  "integrity" "sha512-Il80Qs2WjYlJIBNzNkK6KYqlVMTbZLXgHx2oT0pU/fjRHyEp+PEfEPY0R3WCwAGVOtauxh1hOxNgIf5bv7dQpA=="
  "resolved" "https://registry.npmjs.org/accepts/-/accepts-1.3.7.tgz"
  "version" "1.3.7"
  dependencies:
    "mime-types" "~2.1.24"
    "negotiator" "0.6.2"

"address@^1.0.0", "address@>=0.0.1":
  "integrity" "sha512-aT6camzM4xEA54YVJYSqxz1kv4IHnQZRtThJJHhUMRExaU5spC7jX5ugSwTaTgJliIgs4VhZOk7htClvQ/LmRA=="
  "resolved" "https://registry.npmjs.org/address/-/address-1.1.2.tgz"
  "version" "1.1.2"

"agent-base@^6.0.0", "agent-base@^6.0.2", "agent-base@6":
  "integrity" "sha512-RZNwNclF7+MS/8bDg70amg32dyeZGZxiDuQmZxKLAlQjr3jGyLx+4Kkk58UO7D2QdgFIQCovuSuZESne6RG6XQ=="
  "resolved" "https://registry.npmjs.org/agent-base/-/agent-base-6.0.2.tgz"
  "version" "6.0.2"
  dependencies:
    "debug" "4"

"agentkeepalive@^3.4.1":
  "integrity" "sha512-e0L/HNe6qkQ7H19kTlRRqUibEAwDK5AFk6y3PtMsuut2VAH6+Q4xZml1tNDJD7kSAyqmbG/K08K5WEJYtUrSlQ=="
  "resolved" "https://registry.npmjs.org/agentkeepalive/-/agentkeepalive-3.5.2.tgz"
  "version" "3.5.2"
  dependencies:
    "humanize-ms" "^1.2.1"

"ali-oss@^6.16.0":
  "integrity" "sha512-tK/+yEKtBBD+kMoHABxg6lCgC+Ad9HNjCln7qdL6LRYbUm+FFTKJubC4hT2FIooMBDb9tnI7My4MVreKnbJQRg=="
  "resolved" "https://registry.npmjs.org/ali-oss/-/ali-oss-6.16.0.tgz"
  "version" "6.16.0"
  dependencies:
    "address" "^1.0.0"
    "agentkeepalive" "^3.4.1"
    "bowser" "^1.6.0"
    "co-defer" "^1.0.0"
    "copy-to" "^2.0.1"
    "dateformat" "^2.0.0"
    "debug" "^2.2.0"
    "destroy" "^1.0.4"
    "end-or-error" "^1.0.1"
    "get-ready" "^1.0.0"
    "humanize-ms" "^1.2.0"
    "is-type-of" "^1.0.0"
    "js-base64" "^2.5.2"
    "jstoxml" "^0.2.3"
    "merge-descriptors" "^1.0.1"
    "mime" "^2.4.5"
    "mz-modules" "^2.1.0"
    "platform" "^1.3.1"
    "pump" "^3.0.0"
    "sdk-base" "^2.0.1"
    "stream-http" "2.8.2"
    "stream-wormhole" "^1.0.4"
    "urllib" "^2.33.1"
    "utility" "^1.8.0"
    "xml2js" "^0.4.16"

"any-promise@^1.0.0", "any-promise@^1.3.0":
  "integrity" "sha1-q8av7tzqUugJzcA3au0845Y10X8="
  "resolved" "https://registry.npmjs.org/any-promise/-/any-promise-1.3.0.tgz"
  "version" "1.3.0"

"ast-types@^0.13.2":
  "integrity" "sha512-x1FCFnFifvYDDzTaLII71vG5uvDwgtmDTEVWAxrgeiR8VjMONcCXJx7E+USjDtHlwFmt9MysbqgF9b9Vjr6w+w=="
  "resolved" "https://registry.npmjs.org/ast-types/-/ast-types-0.13.4.tgz"
  "version" "0.13.4"
  dependencies:
    "tslib" "^2.0.1"

"axios@^0.21.1":
  "integrity" "sha512-dKQiRHxGD9PPRIUNIWvZhPTPpl1rf/OxTYKsqKUDjBwYylTvV7SjSHJb9ratfyzM6wCdLCOYLzs73qpg5c4iGA=="
  "resolved" "https://registry.npmjs.org/axios/-/axios-0.21.1.tgz"
  "version" "0.21.1"
  dependencies:
    "follow-redirects" "^1.10.0"

"balanced-match@^1.0.0":
  "integrity" "sha512-3oSeUO0TMV67hN1AmbXsK4yaqU7tjiHlbxRDZOpH0KW9+CeX4bRAaX0Anxt0tx2MrpRpWwQaPwIlISEJhYU5Pw=="
  "resolved" "https://registry.npmjs.org/balanced-match/-/balanced-match-1.0.2.tgz"
  "version" "1.0.2"

"base64-arraybuffer@0.1.4":
  "integrity" "sha1-mBjHngWbE1X5fgQooBfIOOkLqBI="
  "resolved" "https://registry.npmjs.org/base64-arraybuffer/-/base64-arraybuffer-0.1.4.tgz"
  "version" "0.1.4"

"base64id@~2.0.0", "base64id@2.0.0":
  "integrity" "sha512-lGe34o6EHj9y3Kts9R4ZYs/Gr+6N7MCaMlIFA3F1R2O5/m7K06AxfSeO5530PEERE6/WyEg3lsuyw4GHlPZHog=="
  "resolved" "https://registry.npmjs.org/base64id/-/base64id-2.0.0.tgz"
  "version" "2.0.0"

"bowser@^1.6.0":
  "integrity" "sha512-9IdMmj2KjigRq6oWhmwv1W36pDuA4STQZ8q6YO9um+x07xgYNCD3Oou+WP/3L1HNz7iqythGet3/p4wvc8AAwQ=="
  "resolved" "https://registry.npmjs.org/bowser/-/bowser-1.9.4.tgz"
  "version" "1.9.4"

"brace-expansion@^1.1.7":
  "integrity" "sha512-iCuPHDFgrHX7H2vEI/5xpz07zSHB00TpugqhmYtVmMO6518mCuRMoOYFldEBl0g187ufozdaHgWKcYFb61qGiA=="
  "resolved" "https://registry.npmjs.org/brace-expansion/-/brace-expansion-1.1.11.tgz"
  "version" "1.1.11"
  dependencies:
    "balanced-match" "^1.0.0"
    "concat-map" "0.0.1"

"builtin-status-codes@^3.0.0":
  "integrity" "sha1-hZgoeOIbmOHGZCXgPQF0eI9Wnug="
  "resolved" "https://registry.npmjs.org/builtin-status-codes/-/builtin-status-codes-3.0.0.tgz"
  "version" "3.0.0"

"bytes@3.1.0":
  "integrity" "sha512-zauLjrfCG+xvoyaqLoV8bLVXXNGC4JqlxFCutSDWA6fJrTo2ZuvLYTqZ7aHBLZSMOopbzwv8f+wZcVzfVTI2Dg=="
  "resolved" "https://registry.npmjs.org/bytes/-/bytes-3.1.0.tgz"
  "version" "3.1.0"

"call-bind@^1.0.0":
  "integrity" "sha512-7O+FbCihrB5WGbFYesctwmTKae6rOiIzmz1icreWJ+0aA7LJfuqhEso2T9ncpcFtzMQtzXf2QGGueWJGTYsqrA=="
  "resolved" "https://registry.npmjs.org/call-bind/-/call-bind-1.0.2.tgz"
  "version" "1.0.2"
  dependencies:
    "function-bind" "^1.1.1"
    "get-intrinsic" "^1.0.2"

"co-defer@^1.0.0":
  "integrity" "sha1-Pkp4eo7tawoh7ih8CU9+jeDTyBg="
  "resolved" "https://registry.npmjs.org/co-defer/-/co-defer-1.0.0.tgz"
  "version" "1.0.0"

"co@4":
  "integrity" "sha512-QVb0dM5HvG+uaxitm8wONl7jltx8dqhfU33DcqtOZcLSVIKSDDLDi7+0LbAKiyI8hD9u42m2YxXSkMGWThaecQ=="
  "resolved" "https://registry.npmjs.org/co/-/co-4.6.0.tgz"
  "version" "4.6.0"

"commander@^2.20.3":
  "integrity" "sha512-GpVkmM8vF2vQUkj2LvZmD35JxeJOLCwJ9cUkugyk2nuhbv3+mJvpLYYt+0+USMxE+oj+ey/lJEnhZw75x/OMcQ=="
  "resolved" "https://registry.npmjs.org/commander/-/commander-2.20.3.tgz"
  "version" "2.20.3"

"component-emitter@~1.3.0":
  "integrity" "sha512-Rd3se6QB+sO1TwqZjscQrurpEPIfO0/yYnSin6Q/rD3mOutHvUrCAhJub3r90uNb+SESBuE0QYoB90YdfatsRg=="
  "resolved" "https://registry.npmjs.org/component-emitter/-/component-emitter-1.3.0.tgz"
  "version" "1.3.0"

"concat-map@0.0.1":
  "integrity" "sha1-2Klr13/Wjfd5OnMDajug1UBdR3s="
  "resolved" "https://registry.npmjs.org/concat-map/-/concat-map-0.0.1.tgz"
  "version" "0.0.1"

"content-type@^1.0.2":
  "integrity" "sha512-hIP3EEPs8tB9AT1L+NUqtwOAps4mk2Zob89MWXMHjHWg9milF/j4osnnQLXBCBFBk/tvIG/tUc9mOUJiPBhPXA=="
  "resolved" "https://registry.npmjs.org/content-type/-/content-type-1.0.4.tgz"
  "version" "1.0.4"

"cookie@~0.4.1":
  "integrity" "sha512-ZwrFkGJxUR3EIoXtO+yVE69Eb7KlixbaeAWfBQB9vVsNn/o+Yw69gBWSSDK825hQNdN+wF8zELf3dFNl/kxkUA=="
  "resolved" "https://registry.npmjs.org/cookie/-/cookie-0.4.1.tgz"
  "version" "0.4.1"

"copy-to@^2.0.1":
  "integrity" "sha1-JoD7uAaKSNCGVrYJgJK9r8kG9KU="
  "resolved" "https://registry.npmjs.org/copy-to/-/copy-to-2.0.1.tgz"
  "version" "2.0.1"

"core-util-is@^1.0.2", "core-util-is@~1.0.0":
  "integrity" "sha1-tf1UIgqivFq1eqtxQMlAdUUDwac="
  "resolved" "https://registry.npmjs.org/core-util-is/-/core-util-is-1.0.2.tgz"
  "version" "1.0.2"

"cors@~2.8.5":
  "integrity" "sha512-KIHbLJqu73RGr/hnbrO9uBeixNGuvSQjul/jdFvS/KFSIH1hWVd1ng7zOHx+YrEfInLG7q4n6GHQ9cDtxv/P6g=="
  "resolved" "https://registry.npmjs.org/cors/-/cors-2.8.5.tgz"
  "version" "2.8.5"
  dependencies:
    "object-assign" "^4"
    "vary" "^1"

"cssfilter@0.0.10":
  "integrity" "sha1-xtJnJjKi5cg+AT5oZKQs6N79IK4="
  "resolved" "https://registry.npmjs.org/cssfilter/-/cssfilter-0.0.10.tgz"
  "version" "0.0.10"

"data-uri-to-buffer@3":
  "integrity" "sha512-WboRycPNsVw3B3TL559F7kuBUM4d8CgMEvk6xEJlOp7OBPjt6G7z8WMWlD2rOFZLk6OYfFIUGsCOWzcQH9K2og=="
  "resolved" "https://registry.npmjs.org/data-uri-to-buffer/-/data-uri-to-buffer-3.0.1.tgz"
  "version" "3.0.1"

"date-format@^2.1.0":
  "integrity" "sha512-bYQuGLeFxhkxNOF3rcMtiZxvCBAquGzZm6oWA1oZ0g2THUzivaRhv8uOhdr19LmoobSOLoIAxeUK2RdbM8IFTA=="
  "resolved" "https://registry.npmjs.org/date-format/-/date-format-2.1.0.tgz"
  "version" "2.1.0"

"date-format@^3.0.0":
  "integrity" "sha512-eyTcpKOcamdhWJXj56DpQMo1ylSQpcGtGKXcU0Tb97+K56/CF5amAqqqNj0+KvA0iw2ynxtHWFsPDSClCxe48w=="
  "resolved" "https://registry.npmjs.org/date-format/-/date-format-3.0.0.tgz"
  "version" "3.0.0"

"dateformat@^2.0.0":
  "integrity" "sha1-QGXiATz5+5Ft39gu+1Bq1MZ2kGI="
  "resolved" "https://registry.npmjs.org/dateformat/-/dateformat-2.2.0.tgz"
  "version" "2.2.0"

"debug@^2.2.0":
  "integrity" "sha512-bC7ElrdJaJnPbAP+1EotYvqZsb3ecl5wi6Bfi6BJTUcNowp6cvspg0jXznRTKDjm/E7AdgFBVeAPVMNcKGsHMA=="
  "resolved" "https://registry.npmjs.org/debug/-/debug-2.6.9.tgz"
  "version" "2.6.9"
  dependencies:
    "ms" "2.0.0"

"debug@^2.6.9":
  "integrity" "sha512-bC7ElrdJaJnPbAP+1EotYvqZsb3ecl5wi6Bfi6BJTUcNowp6cvspg0jXznRTKDjm/E7AdgFBVeAPVMNcKGsHMA=="
  "resolved" "https://registry.npmjs.org/debug/-/debug-2.6.9.tgz"
  "version" "2.6.9"
  dependencies:
    "ms" "2.0.0"

"debug@^4.1.1", "debug@~4.3.1", "debug@4":
  "integrity" "sha512-mOp8wKcvj7XxC78zLgw/ZA+6TSgkoE2C/ienthhRD298T7UNwAg9diBpLRxC0mOezLl4B0xV7M0cCO6P/O0Xhw=="
  "resolved" "https://registry.npmjs.org/debug/-/debug-4.3.2.tgz"
  "version" "4.3.2"
  dependencies:
    "ms" "2.1.2"

"deep-is@~0.1.3":
  "integrity" "sha1-s2nW+128E+7PUk+RsHD+7cNXzzQ="
  "resolved" "https://registry.npmjs.org/deep-is/-/deep-is-0.1.3.tgz"
  "version" "0.1.3"

"default-user-agent@^1.0.0":
  "integrity" "sha1-FsRu/cq6PtxF8k8r1IaLAbfCrcY="
  "resolved" "https://registry.npmjs.org/default-user-agent/-/default-user-agent-1.0.0.tgz"
  "version" "1.0.0"
  dependencies:
    "os-name" "~1.0.3"

"degenerator@^2.2.0":
  "integrity" "sha512-aiQcQowF01RxFI4ZLFMpzyotbQonhNpBao6dkI8JPk5a+hmSjR5ErHp2CQySmQe8os3VBqLCIh87nDBgZXvsmg=="
  "resolved" "https://registry.npmjs.org/degenerator/-/degenerator-2.2.0.tgz"
  "version" "2.2.0"
  dependencies:
    "ast-types" "^0.13.2"
    "escodegen" "^1.8.1"
    "esprima" "^4.0.0"

"depd@~1.1.2":
  "integrity" "sha1-m81S4UwJd2PnSbJ0xDRu0uVgtak="
  "resolved" "https://registry.npmjs.org/depd/-/depd-1.1.2.tgz"
  "version" "1.1.2"

"destroy@^1.0.4":
  "integrity" "sha1-l4hXRCxEdJ5CBmE+N5RiBYJqvYA="
  "resolved" "https://registry.npmjs.org/destroy/-/destroy-1.0.4.tgz"
  "version" "1.0.4"

"digest-header@^0.0.1":
  "integrity" "sha1-Ecz23uxXZqw3l0TZAcEsuklRS+Y="
  "resolved" "https://registry.npmjs.org/digest-header/-/digest-header-0.0.1.tgz"
  "version" "0.0.1"
  dependencies:
    "utility" "0.1.11"

"ee-first@~1.1.1":
  "integrity" "sha1-WQxhFWsK4vTwJVcyoViyZrxWsh0="
  "resolved" "https://registry.npmjs.org/ee-first/-/ee-first-1.1.1.tgz"
  "version" "1.1.1"

"end-of-stream@^1.1.0":
  "integrity" "sha512-+uw1inIHVPQoaVuHzRyXd21icM+cnt4CzD5rW+NC1wjOUSTOs+Te7FOv7AhN7vS9x/oIyhLP5PR1H+phQAHu5Q=="
  "resolved" "https://registry.npmjs.org/end-of-stream/-/end-of-stream-1.4.4.tgz"
  "version" "1.4.4"
  dependencies:
    "once" "^1.4.0"

"end-or-error@^1.0.1":
  "integrity" "sha1-3HpiEP5403L+4kqLSJnb0VVBTcs="
  "resolved" "https://registry.npmjs.org/end-or-error/-/end-or-error-1.0.1.tgz"
  "version" "1.0.1"

"engine.io-parser@~4.0.0":
  "integrity" "sha512-sHfEQv6nmtJrq6TKuIz5kyEKH/qSdK56H/A+7DnAuUPWosnIZAS2NHNcPLmyjtY3cGS/MqJdZbUjW97JU72iYg=="
  "resolved" "https://registry.npmjs.org/engine.io-parser/-/engine.io-parser-4.0.2.tgz"
  "version" "4.0.2"
  dependencies:
    "base64-arraybuffer" "0.1.4"

"engine.io@~5.1.1":
  "integrity" "sha512-aMWot7H5aC8L4/T8qMYbLdvKlZOdJTH54FxfdFunTGvhMx1BHkJOntWArsVfgAZVwAO9LC2sryPWRcEeUzCe5w=="
  "resolved" "https://registry.npmjs.org/engine.io/-/engine.io-5.1.1.tgz"
  "version" "5.1.1"
  dependencies:
    "accepts" "~1.3.4"
    "base64id" "2.0.0"
    "cookie" "~0.4.1"
    "cors" "~2.8.5"
    "debug" "~4.3.1"
    "engine.io-parser" "~4.0.0"
    "ws" "~7.4.2"

"escape-html@^1.0.3":
  "integrity" "sha1-Aljq5NPQwJdN4cFpGI7wBR0dGYg="
  "resolved" "https://registry.npmjs.org/escape-html/-/escape-html-1.0.3.tgz"
  "version" "1.0.3"

"escodegen@^1.8.1":
  "integrity" "sha512-qFcX0XJkdg+PB3xjZZG/wKSuT1PnQWx57+TVSjIMmILd2yC/6ByYElPwJnslDsuWuSAp4AwJGumarAAmJch5Kw=="
  "resolved" "https://registry.npmjs.org/escodegen/-/escodegen-1.14.3.tgz"
  "version" "1.14.3"
  dependencies:
    "esprima" "^4.0.1"
    "estraverse" "^4.2.0"
    "esutils" "^2.0.2"
    "optionator" "^0.8.1"
  optionalDependencies:
    "source-map" "~0.6.1"

"esprima@^4.0.0", "esprima@^4.0.1":
  "integrity" "sha512-eGuFFw7Upda+g4p+QHvnW0RyTX/SVeJBDM/gCtMARO0cLuT2HcEKnTPvhjV6aGeqrCB/sbNop0Kszm0jsaWU4A=="
  "resolved" "https://registry.npmjs.org/esprima/-/esprima-4.0.1.tgz"
  "version" "4.0.1"

"estraverse@^4.2.0":
  "integrity" "sha512-39nnKffWz8xN1BU/2c79n9nB9HDzo0niYUqx6xyqUnyoAnQyyWpOTdZEeiCch8BBu515t4wp9ZmgVfVhn9EBpw=="
  "resolved" "https://registry.npmjs.org/estraverse/-/estraverse-4.3.0.tgz"
  "version" "4.3.0"

"esutils@^2.0.2":
  "integrity" "sha512-kVscqXk4OCp68SZ0dkgEKVi6/8ij300KBWTJq32P/dYeWTSwK41WyTxalN1eRmA5Z9UU/LX9D7FWSmV9SAYx6g=="
  "resolved" "https://registry.npmjs.org/esutils/-/esutils-2.0.3.tgz"
  "version" "2.0.3"

"extend-shallow@^2.0.1":
  "integrity" "sha1-Ua99YUrZqfYQ6huvu5idaxxWiQ8="
  "resolved" "https://registry.npmjs.org/extend-shallow/-/extend-shallow-2.0.1.tgz"
  "version" "2.0.1"
  dependencies:
    "is-extendable" "^0.1.0"

"fast-levenshtein@~2.0.6":
  "integrity" "sha1-PYpcZog6FqMMqGQ+hR8Zuqd5eRc="
  "resolved" "https://registry.npmjs.org/fast-levenshtein/-/fast-levenshtein-2.0.6.tgz"
  "version" "2.0.6"

"file-uri-to-path@2":
  "integrity" "sha512-hjPFI8oE/2iQPVe4gbrJ73Pp+Xfub2+WI2LlXDbsaJBwT5wuMh35WNWVYYTpnz895shtwfyutMFLFywpQAFdLg=="
  "resolved" "https://registry.npmjs.org/file-uri-to-path/-/file-uri-to-path-2.0.0.tgz"
  "version" "2.0.0"

"flatted@^2.0.1":
  "integrity" "sha512-r5wGx7YeOwNWNlCA0wQ86zKyDLMQr+/RB8xy74M4hTphfmjlijTSSXGuH8rnvKZnfT9i+75zmd8jcKdMR4O6jA=="
  "resolved" "https://registry.npmjs.org/flatted/-/flatted-2.0.2.tgz"
  "version" "2.0.2"

"follow-redirects@^1.10.0":
  "integrity" "sha512-HWqDgT7ZEkqRzBvc2s64vSZ/hfOceEol3ac/7tKwzuvEyWx3/4UegXh5oBOIotkGsObyk3xznnSRVADBgWSQVg=="
  "resolved" "https://registry.npmjs.org/follow-redirects/-/follow-redirects-1.14.1.tgz"
  "version" "1.14.1"

"formstream@^1.1.0":
  "integrity" "sha512-yHRxt3qLFnhsKAfhReM4w17jP+U1OlhUjnKPPtonwKbIJO7oBP0MvoxkRUwb8AU9n0MIkYy5X5dK6pQnbj+R2Q=="
  "resolved" "https://registry.npmjs.org/formstream/-/formstream-1.1.1.tgz"
  "version" "1.1.1"
  dependencies:
    "destroy" "^1.0.4"
    "mime" "^2.5.2"
    "pause-stream" "~0.0.11"

"fs-extra@^8.1.0":
  "integrity" "sha512-yhlQgA6mnOJUKOsRUFsgJdQCvkKhcz8tlZG5HBQfReYZy46OwLcY+Zia0mtdHsOo9y/hP+CxMN0TU9QxoOtG4g=="
  "resolved" "https://registry.npmjs.org/fs-extra/-/fs-extra-8.1.0.tgz"
  "version" "8.1.0"
  dependencies:
    "graceful-fs" "^4.2.0"
    "jsonfile" "^4.0.0"
    "universalify" "^0.1.0"

"fs.realpath@^1.0.0":
  "integrity" "sha1-FQStJSMVjKpA20onh8sBQRmU6k8="
  "resolved" "https://registry.npmjs.org/fs.realpath/-/fs.realpath-1.0.0.tgz"
  "version" "1.0.0"

"ftp@^0.3.10":
  "integrity" "sha1-kZfYYa2BQvPmPVqDv+TFn3MwiF0="
  "resolved" "https://registry.npmjs.org/ftp/-/ftp-0.3.10.tgz"
  "version" "0.3.10"
  dependencies:
    "readable-stream" "1.1.x"
    "xregexp" "2.0.0"

"function-bind@^1.1.1":
  "integrity" "sha512-yIovAzMX49sF8Yl58fSCWJ5svSLuaibPxXQJFLmBObTuCr0Mf1KiPopGM9NiFjiYBCbfaa2Fh6breQ6ANVTI0A=="
  "resolved" "https://registry.npmjs.org/function-bind/-/function-bind-1.1.1.tgz"
  "version" "1.1.1"

"get-intrinsic@^1.0.2":
  "integrity" "sha512-kWZrnVM42QCiEA2Ig1bG8zjoIMOgxWwYCEeNdwY6Tv/cOSeGpcoX4pXHfKUxNKVoArnrEr2e9srnAxxGIraS9Q=="
  "resolved" "https://registry.npmjs.org/get-intrinsic/-/get-intrinsic-1.1.1.tgz"
  "version" "1.1.1"
  dependencies:
    "function-bind" "^1.1.1"
    "has" "^1.0.3"
    "has-symbols" "^1.0.1"

"get-ready@^1.0.0", "get-ready@~1.0.0":
  "integrity" "sha1-+RgX8emt7P6hOlYq38jeiDqzR4I="
  "resolved" "https://registry.npmjs.org/get-ready/-/get-ready-1.0.0.tgz"
  "version" "1.0.0"

"get-uri@3":
  "integrity" "sha512-+5s0SJbGoyiJTZZ2JTpFPLMPSch72KEqGOTvQsBqg0RBWvwhWUSYZFAtz3TPW0GXJuLBJPts1E241iHg+VRfhg=="
  "resolved" "https://registry.npmjs.org/get-uri/-/get-uri-3.0.2.tgz"
  "version" "3.0.2"
  dependencies:
    "@tootallnate/once" "1"
    "data-uri-to-buffer" "3"
    "debug" "4"
    "file-uri-to-path" "2"
    "fs-extra" "^8.1.0"
    "ftp" "^0.3.10"

"glob@^7.1.2", "glob@^7.1.3":
  "integrity" "sha512-OvD9ENzPLbegENnYP5UUfJIirTg4+XwMWGaQfQTY0JenxNvvIKP3U3/tAQSPIu/lHxXYSZmpXlUHeqAIdKzBLQ=="
  "resolved" "https://registry.npmjs.org/glob/-/glob-7.1.7.tgz"
  "version" "7.1.7"
  dependencies:
    "fs.realpath" "^1.0.0"
    "inflight" "^1.0.4"
    "inherits" "2"
    "minimatch" "^3.0.4"
    "once" "^1.3.0"
    "path-is-absolute" "^1.0.0"

"graceful-fs@^4.1.6", "graceful-fs@^4.2.0":
  "integrity" "sha512-nTnJ528pbqxYanhpDYsi4Rd8MAeaBA67+RZ10CM1m3bTAVFEDcd5AuA4a6W5YkGZ1iNXHzZz8T6TBKLeBuNriQ=="
  "resolved" "https://registry.npmjs.org/graceful-fs/-/graceful-fs-4.2.6.tgz"
  "version" "4.2.6"

"has-symbols@^1.0.1":
  "integrity" "sha512-chXa79rL/UC2KlX17jo3vRGz0azaWEx5tGqZg5pO3NUyEJVB17dMruQlzCCOfUvElghKcm5194+BCRvi2Rv/Gw=="
  "resolved" "https://registry.npmjs.org/has-symbols/-/has-symbols-1.0.2.tgz"
  "version" "1.0.2"

"has@^1.0.3":
  "integrity" "sha512-f2dvO0VU6Oej7RkWJGrehjbzMAjFp5/VKPp5tTpWIV4JHHZK1/BxbFRtf/siA2SWTe09caDmVtYYzWEIbBS4zw=="
  "resolved" "https://registry.npmjs.org/has/-/has-1.0.3.tgz"
  "version" "1.0.3"
  dependencies:
    "function-bind" "^1.1.1"

"http-errors@1.7.3":
  "integrity" "sha512-ZTTX0MWrsQ2ZAhA1cejAwDLycFsd7I7nVtnkT3Ol0aqodaKW+0CTZDQ1uBv5whptCnc8e8HeRRJxRs0kmm/Qfw=="
  "resolved" "https://registry.npmjs.org/http-errors/-/http-errors-1.7.3.tgz"
  "version" "1.7.3"
  dependencies:
    "depd" "~1.1.2"
    "inherits" "2.0.4"
    "setprototypeof" "1.1.1"
    "statuses" ">= 1.5.0 < 2"
    "toidentifier" "1.0.0"

"http-proxy-agent@^4.0.0", "http-proxy-agent@^4.0.1":
  "integrity" "sha512-k0zdNgqWTGA6aeIRVpvfVob4fL52dTfaehylg0Y4UvSySvOq/Y+BOyPrgpUrA7HylqvU8vIZGsRuXmspskV0Tg=="
  "resolved" "https://registry.npmjs.org/http-proxy-agent/-/http-proxy-agent-4.0.1.tgz"
  "version" "4.0.1"
  dependencies:
    "@tootallnate/once" "1"
    "agent-base" "6"
    "debug" "4"

"https-proxy-agent@^5.0.0", "https-proxy-agent@5":
  "integrity" "sha512-EkYm5BcKUGiduxzSt3Eppko+PiNWNEpa4ySk9vTC6wDsQJW9rHSa+UhGNJoRYp7bz6Ht1eaRIa6QaJqO5rCFbA=="
  "resolved" "https://registry.npmjs.org/https-proxy-agent/-/https-proxy-agent-5.0.0.tgz"
  "version" "5.0.0"
  dependencies:
    "agent-base" "6"
    "debug" "4"

"humanize-ms@^1.2.0", "humanize-ms@^1.2.1":
  "integrity" "sha1-xG4xWaKT9riW2ikxbYtv6Lt5u+0="
  "resolved" "https://registry.npmjs.org/humanize-ms/-/humanize-ms-1.2.1.tgz"
  "version" "1.2.1"
  dependencies:
    "ms" "^2.0.0"

"iconv-lite@^0.4.15", "iconv-lite@0.4.24":
  "integrity" "sha512-v3MXnZAcvnywkTUEZomIActle7RXXeedOR31wwl7VlyoXO4Qi9arvSenNQWne1TcRwhCL1HwLI21bEqdpj8/rA=="
  "resolved" "https://registry.npmjs.org/iconv-lite/-/iconv-lite-0.4.24.tgz"
  "version" "0.4.24"
  dependencies:
    "safer-buffer" ">= 2.1.2 < 3"

"inflight@^1.0.4":
  "integrity" "sha1-Sb1jMdfQLQwJvJEKEHW6gWW1bfk="
  "resolved" "https://registry.npmjs.org/inflight/-/inflight-1.0.6.tgz"
  "version" "1.0.6"
  dependencies:
    "once" "^1.3.0"
    "wrappy" "1"

"inherits@^2.0.1", "inherits@~2.0.1", "inherits@~2.0.3", "inherits@2", "inherits@2.0.4":
  "integrity" "sha512-k/vGaX4/Yla3WzyMCvTQOXYeIHvqOKtnqBduzTHpzpQZzAskKMhZ2K+EnBiSM9zGSoIFeMpXKxa4dYeZIQqewQ=="
  "resolved" "https://registry.npmjs.org/inherits/-/inherits-2.0.4.tgz"
  "version" "2.0.4"

"ip@^1.1.5":
  "integrity" "sha1-vd7XARQpCCjAoDnnLvJfWq7ENUo="
  "resolved" "https://registry.npmjs.org/ip/-/ip-1.1.5.tgz"
  "version" "1.1.5"

"is-class-hotfix@~0.0.6":
  "integrity" "sha512-0n+pzCC6ICtVr/WXnN2f03TK/3BfXY7me4cjCAqT8TYXEl0+JBRoqBo94JJHXcyDSLUeWbNX8Fvy5g5RJdAstQ=="
  "resolved" "https://registry.npmjs.org/is-class-hotfix/-/is-class-hotfix-0.0.6.tgz"
  "version" "0.0.6"

"is-extendable@^0.1.0":
  "integrity" "sha1-YrEQ4omkcUGOPsNqYX1HLjAd/Ik="
  "resolved" "https://registry.npmjs.org/is-extendable/-/is-extendable-0.1.1.tgz"
  "version" "0.1.1"

"is-type-of@^1.0.0":
  "integrity" "sha512-uK0kyX9LZYhSDS7H2sVJQJop1UnWPWmo5RvR3q2kFH6AUHYs7sOrVg0b4nyBHw29kRRNFofYN/JbHZDlHiItTA=="
  "resolved" "https://registry.npmjs.org/is-type-of/-/is-type-of-1.2.1.tgz"
  "version" "1.2.1"
  dependencies:
    "core-util-is" "^1.0.2"
    "is-class-hotfix" "~0.0.6"
    "isstream" "~0.1.2"

"isarray@~1.0.0":
  "integrity" "sha1-u5NdSFgsuhaMBoNJV6VKPgcSTxE="
  "resolved" "https://registry.npmjs.org/isarray/-/isarray-1.0.0.tgz"
  "version" "1.0.0"

"isarray@0.0.1":
  "integrity" "sha1-ihis/Kmo9Bd+Cav8YDiTmwXR7t8="
  "resolved" "https://registry.npmjs.org/isarray/-/isarray-0.0.1.tgz"
  "version" "0.0.1"

"isstream@~0.1.2":
  "integrity" "sha1-R+Y/evVa+m+S4VAOaQ64uFKcCZo="
  "resolved" "https://registry.npmjs.org/isstream/-/isstream-0.1.2.tgz"
  "version" "0.1.2"

"js-base64@^2.5.2":
  "integrity" "sha512-pZe//GGmwJndub7ZghVHz7vjb2LgC1m8B07Au3eYqeqv9emhESByMXxaEgkUkEqJe87oBbSniGYoQNIBklc7IQ=="
  "resolved" "https://registry.npmjs.org/js-base64/-/js-base64-2.6.4.tgz"
  "version" "2.6.4"

"jsonfile@^4.0.0":
  "integrity" "sha1-h3Gq4HmbZAdrdmQPygWPnBDjPss="
  "resolved" "https://registry.npmjs.org/jsonfile/-/jsonfile-4.0.0.tgz"
  "version" "4.0.0"
  optionalDependencies:
    "graceful-fs" "^4.1.6"

"jstoxml@^0.2.3":
  "integrity" "sha1-/z+2eFaIOgMpU8fOjOdIYhD0hEc="
  "resolved" "https://registry.npmjs.org/jstoxml/-/jstoxml-0.2.4.tgz"
  "version" "0.2.4"

"ko-sleep@^1.0.3":
  "integrity" "sha1-KKKgoUhei39BX/SI3uF9JHiKsII="
  "resolved" "https://registry.npmjs.org/ko-sleep/-/ko-sleep-1.0.3.tgz"
  "version" "1.0.3"
  dependencies:
    "ms" "^2.0.0"

"levn@~0.3.0":
  "integrity" "sha1-OwmSTt+fCDwEkP3UwLxEIeBHZO4="
  "resolved" "https://registry.npmjs.org/levn/-/levn-0.3.0.tgz"
  "version" "0.3.0"
  dependencies:
    "prelude-ls" "~1.1.2"
    "type-check" "~0.3.2"

"log4js@^6.3.0":
  "integrity" "sha512-Mc8jNuSFImQUIateBFwdOQcmC6Q5maU0VVvdC2R6XMb66/VnT+7WS4D/0EeNMZu1YODmJe5NIn2XftCzEocUgw=="
  "resolved" "https://registry.npmjs.org/log4js/-/log4js-6.3.0.tgz"
  "version" "6.3.0"
  dependencies:
    "date-format" "^3.0.0"
    "debug" "^4.1.1"
    "flatted" "^2.0.1"
    "rfdc" "^1.1.4"
    "streamroller" "^2.2.4"

"lru-cache@^5.1.1":
  "integrity" "sha512-KpNARQA3Iwv+jTA0utUVVbrh+Jlrr1Fv0e56GGzAFOXN7dk/FviaDW8LHmK52DlcH4WP2n6gI8vN1aesBFgo9w=="
  "resolved" "https://registry.npmjs.org/lru-cache/-/lru-cache-5.1.1.tgz"
  "version" "5.1.1"
  dependencies:
    "yallist" "^3.0.2"

"marked@^13.0.1":
  "integrity" "sha512-7kBohS6GrZKvCsNXZyVVXSW7/hGBHe49ng99YPkDCckSUrrG7MSFLCexsRxptzOmyW2eT5dySh4Md1V6my52fA=="
  "resolved" "https://registry.npmjs.org/marked/-/marked-13.0.1.tgz"
  "version" "13.0.1"

"merge-descriptors@^1.0.1":
  "integrity" "sha1-sAqqVW3YtEVoFQ7J0blT8/kMu2E="
  "resolved" "https://registry.npmjs.org/merge-descriptors/-/merge-descriptors-1.0.1.tgz"
  "version" "1.0.1"

"mime-db@1.48.0":
  "integrity" "sha512-FM3QwxV+TnZYQ2aRqhlKBMHxk10lTbMt3bBkMAp54ddrNeVSfcQYOOKuGuy3Ddrm38I04If834fOUSq1yzslJQ=="
  "resolved" "https://registry.npmjs.org/mime-db/-/mime-db-1.48.0.tgz"
  "version" "1.48.0"

"mime-types@~2.1.24":
  "integrity" "sha512-XGZnNzm3QvgKxa8dpzyhFTHmpP3l5YNusmne07VUOXxou9CqUqYa/HBy124RqtVh/O2pECas/MOcsDgpilPOPg=="
  "resolved" "https://registry.npmjs.org/mime-types/-/mime-types-2.1.31.tgz"
  "version" "2.1.31"
  dependencies:
    "mime-db" "1.48.0"

"mime@^2.4.5", "mime@^2.5.2":
  "integrity" "sha512-tqkh47FzKeCPD2PUiPB6pkbMzsCasjxAfC62/Wap5qrUWcb+sFasXUC5I3gYM5iBM8v/Qpn4UK0x+j0iHyFPDg=="
  "resolved" "https://registry.npmjs.org/mime/-/mime-2.5.2.tgz"
  "version" "2.5.2"

"minimatch@^3.0.4":
  "integrity" "sha512-yJHVQEhyqPLUTgt9B83PXu6W3rx4MvvHvSUvToogpwoGDOUQ+yDrR0HRot+yOCdCO7u4hX3pWft6kWBBcqh0UA=="
  "resolved" "https://registry.npmjs.org/minimatch/-/minimatch-3.0.4.tgz"
  "version" "3.0.4"
  dependencies:
    "brace-expansion" "^1.1.7"

"minimist@^1.1.0", "minimist@^1.2.5":
  "integrity" "sha512-FM9nNUYrRBAELZQT3xeZQ7fmMOBg6nWNmJKTcgsJeaLstP/UODVpGsr5OhXhhXg6f+qtJ8uiZ+PUxkDWcgIXLw=="
  "resolved" "https://registry.npmjs.org/minimist/-/minimist-1.2.5.tgz"
  "version" "1.2.5"

"mkdirp@^0.5.1":
  "integrity" "sha512-NKmAlESf6jMGym1++R0Ra7wvhV+wFW63FaSOFPwRahvea0gMUcGUhVeAg/0BC0wiv9ih5NYPB1Wn1UEI1/L+xQ=="
  "resolved" "https://registry.npmjs.org/mkdirp/-/mkdirp-0.5.5.tgz"
  "version" "0.5.5"
  dependencies:
    "minimist" "^1.2.5"

"ms@^2.0.0":
  "integrity" "sha512-6FlzubTLZG3J2a/NVCAleEhjzq5oxgHyaCU9yYXvcLsvoVaHJq/s5xXI6/XXP6tz7R9xAOtHnSO/tXtF3WRTlA=="
  "resolved" "https://registry.npmjs.org/ms/-/ms-2.1.3.tgz"
  "version" "2.1.3"

"ms@2.0.0":
  "integrity" "sha1-VgiurfwAvmwpAd9fmGF4jeDVl8g="
  "resolved" "https://registry.npmjs.org/ms/-/ms-2.0.0.tgz"
  "version" "2.0.0"

"ms@2.1.2":
  "integrity" "sha512-sGkPx+VjMtmA6MX27oA4FBFELFCZZ4S4XqeGOXCv68tT+jb3vk/RyaKWP0PTKyWtmLSM0b+adUTEvbs1PEaH2w=="
  "resolved" "https://registry.npmjs.org/ms/-/ms-2.1.2.tgz"
  "version" "2.1.2"

"mz-modules@^2.1.0":
  "integrity" "sha512-sjk8lcRW3vrVYnZ+W+67L/2rL+jbO5K/N6PFGIcLWTiYytNr22Ah9FDXFs+AQntTM1boZcoHi5qS+CV1seuPog=="
  "resolved" "https://registry.npmjs.org/mz-modules/-/mz-modules-2.1.0.tgz"
  "version" "2.1.0"
  dependencies:
    "glob" "^7.1.2"
    "ko-sleep" "^1.0.3"
    "mkdirp" "^0.5.1"
    "pump" "^3.0.0"
    "rimraf" "^2.6.1"

"mz@^2.7.0":
  "integrity" "sha512-z81GNO7nnYMEhrGh9LeymoE4+Yr0Wn5McHIZMK5cfQCl+NDX08sCZgUc9/6MHni9IWuFLm1Z3HTCXu2z9fN62Q=="
  "resolved" "https://registry.npmjs.org/mz/-/mz-2.7.0.tgz"
  "version" "2.7.0"
  dependencies:
    "any-promise" "^1.0.0"
    "object-assign" "^4.0.1"
    "thenify-all" "^1.0.0"

"negotiator@0.6.2":
  "integrity" "sha512-hZXc7K2e+PgeI1eDBe/10Ard4ekbfrrqG8Ep+8Jmf4JID2bNg7NvCPOZN+kfF574pFQI7mum2AUqDidoKqcTOw=="
  "resolved" "https://registry.npmjs.org/negotiator/-/negotiator-0.6.2.tgz"
  "version" "0.6.2"

"netmask@^2.0.1":
  "integrity" "sha512-dBpDMdxv9Irdq66304OLfEmQ9tbNRFnFTuZiLo+bD+r332bBmMJ8GBLXklIXXgxd3+v9+KUnZaUR5PJMa75Gsg=="
  "resolved" "https://registry.npmjs.org/netmask/-/netmask-2.0.2.tgz"
  "version" "2.0.2"

"object-assign@^4", "object-assign@^4.0.1":
  "integrity" "sha1-IQmtx5ZYh8/AXLvUQsrIv7s2CGM="
  "resolved" "https://registry.npmjs.org/object-assign/-/object-assign-4.1.1.tgz"
  "version" "4.1.1"

"object-inspect@^1.9.0":
  "integrity" "sha512-jp7ikS6Sd3GxQfZJPyH3cjcbJF6GZPClgdV+EFygjFLQ5FmW/dRUnTd9PQ9k0JhoNDabWFbpF1yCdSWCC6gexg=="
  "resolved" "https://registry.npmjs.org/object-inspect/-/object-inspect-1.11.0.tgz"
  "version" "1.11.0"

"once@^1.3.0", "once@^1.3.1", "once@^1.4.0":
  "integrity" "sha1-WDsap3WWHUsROsF9nFC6753Xa9E="
  "resolved" "https://registry.npmjs.org/once/-/once-1.4.0.tgz"
  "version" "1.4.0"
  dependencies:
    "wrappy" "1"

"optionator@^0.8.1":
  "integrity" "sha512-+IW9pACdk3XWmmTXG8m3upGUJst5XRGzxMRjXzAuJ1XnIFNvfhjjIuYkDvysnPQ7qzqVzLt78BCruntqRhWQbA=="
  "resolved" "https://registry.npmjs.org/optionator/-/optionator-0.8.3.tgz"
  "version" "0.8.3"
  dependencies:
    "deep-is" "~0.1.3"
    "fast-levenshtein" "~2.0.6"
    "levn" "~0.3.0"
    "prelude-ls" "~1.1.2"
    "type-check" "~0.3.2"
    "word-wrap" "~1.2.3"

"os-name@~1.0.3":
  "integrity" "sha1-GzefZINa98Wn9JizV8uVIVwVnt8="
  "resolved" "https://registry.npmjs.org/os-name/-/os-name-1.0.3.tgz"
  "version" "1.0.3"
  dependencies:
    "osx-release" "^1.0.0"
    "win-release" "^1.0.0"

"osx-release@^1.0.0":
  "integrity" "sha1-8heRGigTaUmvG/kwiyQeJzfTzWw="
  "resolved" "https://registry.npmjs.org/osx-release/-/osx-release-1.1.0.tgz"
  "version" "1.1.0"
  dependencies:
    "minimist" "^1.1.0"

"pac-proxy-agent@^4.1.0":
  "integrity" "sha512-ejNgYm2HTXSIYX9eFlkvqFp8hyJ374uDf0Zq5YUAifiSh1D6fo+iBivQZirGvVv8dCYUsLhmLBRhlAYvBKI5+Q=="
  "resolved" "https://registry.npmjs.org/pac-proxy-agent/-/pac-proxy-agent-4.1.0.tgz"
  "version" "4.1.0"
  dependencies:
    "@tootallnate/once" "1"
    "agent-base" "6"
    "debug" "4"
    "get-uri" "3"
    "http-proxy-agent" "^4.0.1"
    "https-proxy-agent" "5"
    "pac-resolver" "^4.1.0"
    "raw-body" "^2.2.0"
    "socks-proxy-agent" "5"

"pac-resolver@^4.1.0":
  "integrity" "sha512-rPACZdUyuxT5Io/gFKUeeZFfE5T7ve7cAkE5TUZRRfuKP0u5Hocwe48X7ZEm6mYB+bTB0Qf+xlVlA/RM/i6RCQ=="
  "resolved" "https://registry.npmjs.org/pac-resolver/-/pac-resolver-4.2.0.tgz"
  "version" "4.2.0"
  dependencies:
    "degenerator" "^2.2.0"
    "ip" "^1.1.5"
    "netmask" "^2.0.1"

"path-is-absolute@^1.0.0":
  "integrity" "sha1-F0uSaHNVNP+8es5r9TpanhtcX18="
  "resolved" "https://registry.npmjs.org/path-is-absolute/-/path-is-absolute-1.0.1.tgz"
  "version" "1.0.1"

"pause-stream@~0.0.11":
  "integrity" "sha1-/lo0sMvOErWqaitAPuLnO2AvFEU="
  "resolved" "https://registry.npmjs.org/pause-stream/-/pause-stream-0.0.11.tgz"
  "version" "0.0.11"
  dependencies:
    "through" "~2.3"

"platform@^1.3.1":
  "integrity" "sha512-fnWVljUchTro6RiCFvCXBbNhJc2NijN7oIQxbwsyL0buWJPG85v81ehlHI9fXrJsMNgTofEoWIQeClKpgxFLrg=="
  "resolved" "https://registry.npmjs.org/platform/-/platform-1.3.6.tgz"
  "version" "1.3.6"

"prelude-ls@~1.1.2":
  "integrity" "sha1-IZMqVJ9eUv/ZqCf1cOBL5iqX2lQ="
  "resolved" "https://registry.npmjs.org/prelude-ls/-/prelude-ls-1.1.2.tgz"
  "version" "1.1.2"

"process-nextick-args@~2.0.0":
  "integrity" "sha512-3ouUOpQhtgrbOa17J7+uxOTpITYWaGP7/AhoR3+A+/1e9skrzelGi/dXzEYyvbxubEF6Wn2ypscTKiKJFFn1ag=="
  "resolved" "https://registry.npmjs.org/process-nextick-args/-/process-nextick-args-2.0.1.tgz"
  "version" "2.0.1"

"proxy-agent@^4.0.1":
  "integrity" "sha512-ODnQnW2jc/FUVwHHuaZEfN5otg/fMbvMxz9nMSUQfJ9JU7q2SZvSULSsjLloVgJOiv9yhc8GlNMKc4GkFmcVEA=="
  "resolved" "https://registry.npmjs.org/proxy-agent/-/proxy-agent-4.0.1.tgz"
  "version" "4.0.1"
  dependencies:
    "agent-base" "^6.0.0"
    "debug" "4"
    "http-proxy-agent" "^4.0.0"
    "https-proxy-agent" "^5.0.0"
    "lru-cache" "^5.1.1"
    "pac-proxy-agent" "^4.1.0"
    "proxy-from-env" "^1.0.0"
    "socks-proxy-agent" "^5.0.0"

"proxy-from-env@^1.0.0":
  "integrity" "sha512-D+zkORCbA9f1tdWRK0RaCR3GPv50cMxcrz4X8k5LTSUD1Dkw47mKJEZQNunItRTkWwgtaUSo1RVFRIG9ZXiFYg=="
  "resolved" "https://registry.npmjs.org/proxy-from-env/-/proxy-from-env-1.1.0.tgz"
  "version" "1.1.0"

"pump@^3.0.0":
  "integrity" "sha512-LwZy+p3SFs1Pytd/jYct4wpv49HiYCqd9Rlc5ZVdk0V+8Yzv6jR5Blk3TRmPL1ft69TxP0IMZGJ+WPFU2BFhww=="
  "resolved" "https://registry.npmjs.org/pump/-/pump-3.0.0.tgz"
  "version" "3.0.0"
  dependencies:
    "end-of-stream" "^1.1.0"
    "once" "^1.3.1"

"qs@^6.4.0":
  "integrity" "sha512-M528Hph6wsSVOBiYUnGf+K/7w0hNshs/duGsNXPUCLH5XAqjEtiPGwNONLV0tBH8NoGb0mvD5JubnUTrujKDTg=="
  "resolved" "https://registry.npmjs.org/qs/-/qs-6.10.1.tgz"
  "version" "6.10.1"
  dependencies:
    "side-channel" "^1.0.4"

"randomcolor@^0.6.2":
  "integrity" "sha512-Mn6TbyYpFgwFuQ8KJKqf3bqqY9O1y37/0jgSK/61PUxV4QfIMv0+K2ioq8DfOjkBslcjwSzRfIDEXfzA9aCx7A=="
  "resolved" "https://registry.npmjs.org/randomcolor/-/randomcolor-0.6.2.tgz"
  "version" "0.6.2"

"raw-body@^2.2.0":
  "integrity" "sha512-9WmIKF6mkvA0SLmA2Knm9+qj89e+j1zqgyn8aXGd7+nAduPoqgI9lO57SAZNn/Byzo5P7JhXTyg9PzaJbH73bA=="
  "resolved" "https://registry.npmjs.org/raw-body/-/raw-body-2.4.1.tgz"
  "version" "2.4.1"
  dependencies:
    "bytes" "3.1.0"
    "http-errors" "1.7.3"
    "iconv-lite" "0.4.24"
    "unpipe" "1.0.0"

"readable-stream@^2.3.6":
  "integrity" "sha512-Ebho8K4jIbHAxnuxi7o42OrZgF/ZTNcsZj6nRKyUmkhLFq8CHItp/fy6hQZuZmP/n3yZ9VBUbp4zz/mX8hmYPw=="
  "resolved" "https://registry.npmjs.org/readable-stream/-/readable-stream-2.3.7.tgz"
  "version" "2.3.7"
  dependencies:
    "core-util-is" "~1.0.0"
    "inherits" "~2.0.3"
    "isarray" "~1.0.0"
    "process-nextick-args" "~2.0.0"
    "safe-buffer" "~5.1.1"
    "string_decoder" "~1.1.1"
    "util-deprecate" "~1.0.1"

"readable-stream@1.1.x":
  "integrity" "sha1-fPTFTvZI44EwhMY23SB54WbAgdk="
  "resolved" "https://registry.npmjs.org/readable-stream/-/readable-stream-1.1.14.tgz"
  "version" "1.1.14"
  dependencies:
    "core-util-is" "~1.0.0"
    "inherits" "~2.0.1"
    "isarray" "0.0.1"
    "string_decoder" "~0.10.x"

"rfdc@^1.1.4":
  "integrity" "sha512-V2hovdzFbOi77/WajaSMXk2OLm+xNIeQdMMuB7icj7bk6zi2F8GGAxigcnDFpJHbNyNcgyJDiP+8nOrY5cZGrA=="
  "resolved" "https://registry.npmjs.org/rfdc/-/rfdc-1.3.0.tgz"
  "version" "1.3.0"

"rimraf@^2.6.1":
  "integrity" "sha512-uWjbaKIK3T1OSVptzX7Nl6PvQ3qAGtKEtVRjRuazjfL3Bx5eI409VZSqgND+4UNnmzLVdPj9FqFJNPqBZFve4w=="
  "resolved" "https://registry.npmjs.org/rimraf/-/rimraf-2.7.1.tgz"
  "version" "2.7.1"
  dependencies:
    "glob" "^7.1.3"

"safe-buffer@~5.1.0", "safe-buffer@~5.1.1":
  "integrity" "sha512-Gd2UZBJDkXlY7GbJxfsE8/nvKkUEU1G38c1siN6QP6a9PT9MmHB8GnpscSmMJSoF8LOIrt8ud/wPtojys4G6+g=="
  "resolved" "https://registry.npmjs.org/safe-buffer/-/safe-buffer-5.1.2.tgz"
  "version" "5.1.2"

"safer-buffer@>= 2.1.2 < 3":
  "integrity" "sha512-YZo3K82SD7Riyi0E1EQPojLz7kpepnSQI9IyPbHHg1XXXevb5dJI7tpyN2ADxGcQbHG7vcyRHk0cbwqcQriUtg=="
  "resolved" "https://registry.npmjs.org/safer-buffer/-/safer-buffer-2.1.2.tgz"
  "version" "2.1.2"

"sax@>=0.6.0":
  "integrity" "sha512-NqVDv9TpANUjFm0N8uM5GxL36UgKi9/atZw+x7YFnQ8ckwFGKrl4xX4yWtrey3UJm5nP1kUbnYgLopqWNSRhWw=="
  "resolved" "https://registry.npmjs.org/sax/-/sax-1.2.4.tgz"
  "version" "1.2.4"

"sdk-base@^2.0.1":
  "integrity" "sha1-ukAonovfJy7RHdnql+r5jgNtJMY="
  "resolved" "https://registry.npmjs.org/sdk-base/-/sdk-base-2.0.1.tgz"
  "version" "2.0.1"
  dependencies:
    "get-ready" "~1.0.0"

"semver@^5.0.1":
  "integrity" "sha512-sauaDf/PZdVgrLTNYHRtpXa1iRiKcaebiKQ1BJdpQlWH2lCvexQdX55snPFyK7QzpudqbCI0qXFfOasHdyNDGQ=="
  "resolved" "https://registry.npmjs.org/semver/-/semver-5.7.1.tgz"
  "version" "5.7.1"

"setprototypeof@1.1.1":
  "integrity" "sha512-JvdAWfbXeIGaZ9cILp38HntZSFSo3mWg6xGcJJsd+d4aRMOqauag1C63dJfDw7OaMYwEbHMOxEZ1lqVRYP2OAw=="
  "resolved" "https://registry.npmjs.org/setprototypeof/-/setprototypeof-1.1.1.tgz"
  "version" "1.1.1"

"side-channel@^1.0.4":
  "integrity" "sha512-q5XPytqFEIKHkGdiMIrY10mvLRvnQh42/+GoBlFW3b2LXLE2xxJpZFdm94we0BaoV3RwJyGqg5wS7epxTv0Zvw=="
  "resolved" "https://registry.npmjs.org/side-channel/-/side-channel-1.0.4.tgz"
  "version" "1.0.4"
  dependencies:
    "call-bind" "^1.0.0"
    "get-intrinsic" "^1.0.2"
    "object-inspect" "^1.9.0"

"smart-buffer@^4.1.0":
  "integrity" "sha512-iVICrxOzCynf/SNaBQCw34eM9jROU/s5rzIhpOvzhzuYHfJR/DhZfDkXiZSgKXfgv26HT3Yni3AV/DGw0cGnnw=="
  "resolved" "https://registry.npmjs.org/smart-buffer/-/smart-buffer-4.1.0.tgz"
  "version" "4.1.0"

"socket.io-adapter@~2.3.1":
  "integrity" "sha512-8cVkRxI8Nt2wadkY6u60Y4rpW3ejA1rxgcK2JuyIhmF+RMNpTy1QRtkHIDUOf3B4HlQwakMsWbKftMv/71VMmw=="
  "resolved" "https://registry.npmjs.org/socket.io-adapter/-/socket.io-adapter-2.3.1.tgz"
  "version" "2.3.1"

"socket.io-parser@~4.0.4":
  "integrity" "sha512-t+b0SS+IxG7Rxzda2EVvyBZbvFPBCjJoyHuE0P//7OAsN23GItzDRdWa6ALxZI/8R5ygK7jAR6t028/z+7295g=="
  "resolved" "https://registry.npmjs.org/socket.io-parser/-/socket.io-parser-4.0.4.tgz"
  "version" "4.0.4"
  dependencies:
    "@types/component-emitter" "^1.2.10"
    "component-emitter" "~1.3.0"
    "debug" "~4.3.1"

"socket.io@^4.1.3":
  "integrity" "sha512-tLkaY13RcO4nIRh1K2hT5iuotfTaIQw7cVIe0FUykN3SuQi0cm7ALxuyT5/CtDswOMWUzMGTibxYNx/gU7In+Q=="
  "resolved" "https://registry.npmjs.org/socket.io/-/socket.io-4.1.3.tgz"
  "version" "4.1.3"
  dependencies:
    "@types/cookie" "^0.4.0"
    "@types/cors" "^2.8.10"
    "@types/node" ">=10.0.0"
    "accepts" "~1.3.4"
    "base64id" "~2.0.0"
    "debug" "~4.3.1"
    "engine.io" "~5.1.1"
    "socket.io-adapter" "~2.3.1"
    "socket.io-parser" "~4.0.4"

"socks-proxy-agent@^5.0.0", "socks-proxy-agent@5":
  "integrity" "sha512-vZdmnjb9a2Tz6WEQVIurybSwElwPxMZaIc7PzqbJTrezcKNznv6giT7J7tZDZ1BojVaa1jvO/UiUdhDVB0ACoQ=="
  "resolved" "https://registry.npmjs.org/socks-proxy-agent/-/socks-proxy-agent-5.0.1.tgz"
  "version" "5.0.1"
  dependencies:
    "agent-base" "^6.0.2"
    "debug" "4"
    "socks" "^2.3.3"

"socks@^2.3.3":
  "integrity" "sha512-kLQ9N5ucj8uIcxrDwjm0Jsqk06xdpBjGNQtpXy4Q8/QY2k+fY7nZH8CARy+hkbG+SGAovmzzuauCpBlb8FrnBA=="
  "resolved" "https://registry.npmjs.org/socks/-/socks-2.6.1.tgz"
  "version" "2.6.1"
  dependencies:
    "ip" "^1.1.5"
    "smart-buffer" "^4.1.0"

"source-map@~0.6.1":
  "integrity" "sha512-UjgapumWlbMhkBgzT7Ykc5YXUT46F0iKu8SGXq0bcwP5dz/h0Plj6enJqjz1Zbq2l5WaqYnrVbwWOWMyF3F47g=="
  "resolved" "https://registry.npmjs.org/source-map/-/source-map-0.6.1.tgz"
  "version" "0.6.1"

"statuses@^1.3.1", "statuses@>= 1.5.0 < 2":
  "integrity" "sha1-Fhx9rBd2Wf2YEfQ3cfqZOBR4Yow="
  "resolved" "https://registry.npmjs.org/statuses/-/statuses-1.5.0.tgz"
  "version" "1.5.0"

"stream-http@2.8.2":
  "integrity" "sha512-QllfrBhqF1DPcz46WxKTs6Mz1Bpc+8Qm6vbqOpVav5odAXwbyzwnEczoWqtxrsmlO+cJqtPrp/8gWKWjaKLLlA=="
  "resolved" "https://registry.npmjs.org/stream-http/-/stream-http-2.8.2.tgz"
  "version" "2.8.2"
  dependencies:
    "builtin-status-codes" "^3.0.0"
    "inherits" "^2.0.1"
    "readable-stream" "^2.3.6"
    "to-arraybuffer" "^1.0.0"
    "xtend" "^4.0.0"

"stream-wormhole@^1.0.4":
  "integrity" "sha512-gHFfL3px0Kctd6Po0M8TzEvt3De/xu6cnRrjlfYNhwbhLPLwigI2t1nc6jrzNuaYg5C4YF78PPFuQPzRiqn9ew=="
  "resolved" "https://registry.npmjs.org/stream-wormhole/-/stream-wormhole-1.1.0.tgz"
  "version" "1.1.0"

"streamroller@^2.2.4":
  "integrity" "sha512-OG79qm3AujAM9ImoqgWEY1xG4HX+Lw+yY6qZj9R1K2mhF5bEmQ849wvrb+4vt4jLMLzwXttJlQbOdPOQVRv7DQ=="
  "resolved" "https://registry.npmjs.org/streamroller/-/streamroller-2.2.4.tgz"
  "version" "2.2.4"
  dependencies:
    "date-format" "^2.1.0"
    "debug" "^4.1.1"
    "fs-extra" "^8.1.0"

"string_decoder@~0.10.x":
  "integrity" "sha1-YuIDvEF2bGwoyfyEMB2rHFMQ+pQ="
  "resolved" "https://registry.npmjs.org/string_decoder/-/string_decoder-0.10.31.tgz"
  "version" "0.10.31"

"string_decoder@~1.1.1":
  "integrity" "sha512-n/ShnvDi6FHbbVfviro+WojiFzv+s8MPMHBczVePfUpDJLwoLT0ht1l4YwBCbi8pJAveEEdnkHyPyTP/mzRfwg=="
  "resolved" "https://registry.npmjs.org/string_decoder/-/string_decoder-1.1.1.tgz"
  "version" "1.1.1"
  dependencies:
    "safe-buffer" "~5.1.0"

"thenify-all@^1.0.0":
  "integrity" "sha1-GhkY1ALY/D+Y+/I02wvMjMEOlyY="
  "resolved" "https://registry.npmjs.org/thenify-all/-/thenify-all-1.6.0.tgz"
  "version" "1.6.0"
  dependencies:
    "thenify" ">= 3.1.0 < 4"

"thenify@>= 3.1.0 < 4":
  "integrity" "sha512-RVZSIV5IG10Hk3enotrhvz0T9em6cyHBLkH/YAZuKqd8hRkKhSfCGIcP2KUY0EPxndzANBmNllzWPwak+bheSw=="
  "resolved" "https://registry.npmjs.org/thenify/-/thenify-3.3.1.tgz"
  "version" "3.3.1"
  dependencies:
    "any-promise" "^1.0.0"

"through@~2.3":
  "integrity" "sha1-DdTJ/6q8NXlgsbckEV1+Doai4fU="
  "resolved" "https://registry.npmjs.org/through/-/through-2.3.8.tgz"
  "version" "2.3.8"

"to-arraybuffer@^1.0.0":
  "integrity" "sha1-fSKbH8xjfkZsoIEYCDanqr/4P0M="
  "resolved" "https://registry.npmjs.org/to-arraybuffer/-/to-arraybuffer-1.0.1.tgz"
  "version" "1.0.1"

"toidentifier@1.0.0":
  "integrity" "sha512-yaOH/Pk/VEhBWWTlhI+qXxDFXlejDGcQipMlyxda9nthulaxLZUNcUqFxokp0vcYnvteJln5FNQDRrxj3YcbVw=="
  "resolved" "https://registry.npmjs.org/toidentifier/-/toidentifier-1.0.0.tgz"
  "version" "1.0.0"

"tslib@^2.0.1":
  "integrity" "sha512-N82ooyxVNm6h1riLCoyS9e3fuJ3AMG2zIZs2Gd1ATcSFjSA23Q0fzjjZeh0jbJvWVDZ0cJT8yaNNaaXHzueNjg=="
  "resolved" "https://registry.npmjs.org/tslib/-/tslib-2.3.0.tgz"
  "version" "2.3.0"

"type-check@~0.3.2":
  "integrity" "sha1-WITKtRLPHTVeP7eE8wgEsrUg23I="
  "resolved" "https://registry.npmjs.org/type-check/-/type-check-0.3.2.tgz"
  "version" "0.3.2"
  dependencies:
    "prelude-ls" "~1.1.2"

"unescape@^1.0.1":
  "integrity" "sha512-O0+af1Gs50lyH1nUu3ZyYS1cRh01Q/kUKatTOkSs7jukXE6/NebucDVxyiDsA9AQ4JC1V1jUH9EO8JX2nMDgGQ=="
  "resolved" "https://registry.npmjs.org/unescape/-/unescape-1.0.1.tgz"
  "version" "1.0.1"
  dependencies:
    "extend-shallow" "^2.0.1"

"universalify@^0.1.0":
  "integrity" "sha512-rBJeI5CXAlmy1pV+617WB9J63U6XcazHHF2f2dbJix4XzpUF0RS3Zbj0FGIOCAva5P/d/GBOYaACQ1w+0azUkg=="
  "resolved" "https://registry.npmjs.org/universalify/-/universalify-0.1.2.tgz"
  "version" "0.1.2"

"unpipe@1.0.0":
  "integrity" "sha1-sr9O6FFKrmFltIF4KdIbLvSZBOw="
  "resolved" "https://registry.npmjs.org/unpipe/-/unpipe-1.0.0.tgz"
  "version" "1.0.0"

"urllib@^2.33.1":
  "integrity" "sha512-jGfi6qi23KvN3u3WizRxeU/yWVoh0Ml7c4yfmeRKVfGESMXYfNcQCPgeHRC1w1OMstVa9MXyIUYz3OLj+pWAMA=="
  "resolved" "https://registry.npmjs.org/urllib/-/urllib-2.37.3.tgz"
  "version" "2.37.3"
  dependencies:
    "any-promise" "^1.3.0"
    "content-type" "^1.0.2"
    "debug" "^2.6.9"
    "default-user-agent" "^1.0.0"
    "digest-header" "^0.0.1"
    "ee-first" "~1.1.1"
    "formstream" "^1.1.0"
    "humanize-ms" "^1.2.0"
    "iconv-lite" "^0.4.15"
    "ip" "^1.1.5"
    "proxy-agent" "^4.0.1"
    "pump" "^3.0.0"
    "qs" "^6.4.0"
    "statuses" "^1.3.1"
    "utility" "^1.16.1"

"util-deprecate@~1.0.1":
  "integrity" "sha1-RQ1Nyfpw3nMnYvvS1KKJgUGaDM8="
  "resolved" "https://registry.npmjs.org/util-deprecate/-/util-deprecate-1.0.2.tgz"
  "version" "1.0.2"

"utility@^1.16.1", "utility@^1.8.0":
  "integrity" "sha512-KdVkF9An/0239BJ4+dqOa7NPrPIOeQE9AGfx0XS16O9DBiHNHRJMoeU5nL6pRGAkgJOqdOu8R4gBRcXnAocJKw=="
  "resolved" "https://registry.npmjs.org/utility/-/utility-1.17.0.tgz"
  "version" "1.17.0"
  dependencies:
    "copy-to" "^2.0.1"
    "escape-html" "^1.0.3"
    "mkdirp" "^0.5.1"
    "mz" "^2.7.0"
    "unescape" "^1.0.1"

"utility@0.1.11":
  "integrity" "sha1-/eYM+bTkdRlHoM9dEEzik2ciZxU="
  "resolved" "https://registry.npmjs.org/utility/-/utility-0.1.11.tgz"
  "version" "0.1.11"
  dependencies:
    "address" ">=0.0.1"

"vary@^1":
  "integrity" "sha1-IpnwLG3tMNSllhsLn3RSShj2NPw="
  "resolved" "https://registry.npmjs.org/vary/-/vary-1.1.2.tgz"
  "version" "1.1.2"

"win-release@^1.0.0":
  "integrity" "sha1-X6VeAr58qTTt/BJmVjLoSbcuUgk="
  "resolved" "https://registry.npmjs.org/win-release/-/win-release-1.1.1.tgz"
  "version" "1.1.1"
  dependencies:
    "semver" "^5.0.1"

"word-wrap@~1.2.3":
  "integrity" "sha512-Hz/mrNwitNRh/HUAtM/VT/5VH+ygD6DV7mYKZAtHOrbs8U7lvPS6xf7EJKMF0uW1KJCl0H701g3ZGus+muE5vQ=="
  "resolved" "https://registry.npmjs.org/word-wrap/-/word-wrap-1.2.3.tgz"
  "version" "1.2.3"

"wrappy@1":
  "integrity" "sha1-tSQ9jz7BqjXxNkYFvA0QNuMKtp8="
  "resolved" "https://registry.npmjs.org/wrappy/-/wrappy-1.0.2.tgz"
  "version" "1.0.2"

"ws@~7.4.2":
  "integrity" "sha512-YmhHDO4MzaDLB+M9ym/mDA5z0naX8j7SIlT8f8z+I0VtzsRbekxEutHSme7NPS2qE8StCYQNUnfWdXta/Yu85A=="
  "resolved" "https://registry.npmjs.org/ws/-/ws-7.4.6.tgz"
  "version" "7.4.6"

"xml2js@^0.4.16":
  "integrity" "sha512-ySPiMjM0+pLDftHgXY4By0uswI3SPKLDw/i3UXbnO8M/p28zqexCUoPmQFrYD+/1BzhGJSs2i1ERWKJAtiLrug=="
  "resolved" "https://registry.npmjs.org/xml2js/-/xml2js-0.4.23.tgz"
  "version" "0.4.23"
  dependencies:
    "sax" ">=0.6.0"
    "xmlbuilder" "~11.0.0"

"xmlbuilder@~11.0.0":
  "integrity" "sha512-fDlsI/kFEx7gLvbecc0/ohLG50fugQp8ryHzMTuW9vSa1GJ0XYWKnhsUx7oie3G98+r56aTQIUB4kht42R3JvA=="
  "resolved" "https://registry.npmjs.org/xmlbuilder/-/xmlbuilder-11.0.1.tgz"
  "version" "11.0.1"

"xregexp@2.0.0":
  "integrity" "sha1-UqY+VsoLhKfzpfPWGHLxJq16WUM="
  "resolved" "https://registry.npmjs.org/xregexp/-/xregexp-2.0.0.tgz"
  "version" "2.0.0"

"xss@^1.0.9":
  "integrity" "sha512-2t7FahYnGJys6DpHLhajusId7R0Pm2yTmuL0GV9+mV0ZlaLSnb2toBmppATfg5sWIhZQGlsTLoecSzya+l4EAQ=="
  "resolved" "https://registry.npmjs.org/xss/-/xss-1.0.9.tgz"
  "version" "1.0.9"
  dependencies:
    "commander" "^2.20.3"
    "cssfilter" "0.0.10"

"xtend@^4.0.0":
  "integrity" "sha512-LKYU1iAXJXUgAXn9URjiu+MWhyUXHsvfp7mcuYm9dSUKK0/CjtrUwFAxD82/mCWbtLsGjFIad0wIsod4zrTAEQ=="
  "resolved" "https://registry.npmjs.org/xtend/-/xtend-4.0.2.tgz"
  "version" "4.0.2"

"yallist@^3.0.2":
  "integrity" "sha512-a4UGQaWPH59mOXUYnAG2ewncQS4i4F43Tv3JoAM+s2VDAmS9NsK8GpDMLrCHPksFT7h3K6TOoUNn2pb7RoXx4g=="
  "resolved" "https://registry.npmjs.org/yallist/-/yallist-3.1.1.tgz"
  "version" "3.1.1"
